
Microsoft Visual Studio Solution File, Format Version 12.00
# Visual Studio Version 17
VisualStudioVersion = 17.7.34018.315
MinimumVisualStudioVersion = 10.0.40219.1
Project("{FAE04EC0-301F-11D3-BF4B-00C04F79EFBC}") = "Domain", "Entities\Domain.csproj", "{3CB99031-EC84-4FD2-BDCB-52B5451B468C}"
EndProject
Project("{FAE04EC0-301F-11D3-BF4B-00C04F79EFBC}") = "Persistence", "DataAccess\Persistence.csproj", "{C65BA494-AC8E-403C-BB47-6081A74FF52D}"
EndProject
Project("{FAE04EC0-301F-11D3-BF4B-00C04F79EFBC}") = "Application", "Application\Application.csproj", "{403293D6-0D42-442D-8643-210905AC173A}"
EndProject
Project("{FAE04EC0-301F-11D3-BF4B-00C04F79EFBC}") = "WebAPI", "WebAPI\WebAPI.csproj", "{5EA9A403-5776-405A-9EFA-264E1AE4D3DD}"
EndProject
Project("{FAE04EC0-301F-11D3-BF4B-00C04F79EFBC}") = "Student_Follower", "Student_Follower\Student_Follower.csproj", "{A42483E9-9C8A-4AB5-A18F-A9002D29704F}"
EndProject
Project("{FAE04EC0-301F-11D3-BF4B-00C04F79EFBC}") = "Core", "Core\Core.csproj", "{7C5377AB-5CAC-4593-A28D-6792FBF0E6F2}"
EndProject
Global
	GlobalSection(SolutionConfigurationPlatforms) = preSolution
		Debug|Any CPU = Debug|Any CPU
		Release|Any CPU = Release|Any CPU
	EndGlobalSection
	GlobalSection(ProjectConfigurationPlatforms) = postSolution
		{3CB99031-EC84-4FD2-BDCB-52B5451B468C}.Debug|Any CPU.ActiveCfg = Debug|Any CPU
		{3CB99031-EC84-4FD2-BDCB-52B5451B468C}.Debug|Any CPU.Build.0 = Debug|Any CPU
		{3CB99031-EC84-4FD2-BDCB-52B5451B468C}.Release|Any CPU.ActiveCfg = Release|Any CPU
		{3CB99031-EC84-4FD2-BDCB-52B5451B468C}.Release|Any CPU.Build.0 = Release|Any CPU
		{C65BA494-AC8E-403C-BB47-6081A74FF52D}.Debug|Any CPU.ActiveCfg = Debug|Any CPU
		{C65BA494-AC8E-403C-BB47-6081A74FF52D}.Debug|Any CPU.Build.0 = Debug|Any CPU
		{C65BA494-AC8E-403C-BB47-6081A74FF52D}.Release|Any CPU.ActiveCfg = Release|Any CPU
		{C65BA494-AC8E-403C-BB47-6081A74FF52D}.Release|Any CPU.Build.0 = Release|Any CPU
		{403293D6-0D42-442D-8643-210905AC173A}.Debug|Any CPU.ActiveCfg = Debug|Any CPU
		{403293D6-0D42-442D-8643-210905AC173A}.Debug|Any CPU.Build.0 = Debug|Any CPU
		{403293D6-0D42-442D-8643-210905AC173A}.Release|Any CPU.ActiveCfg = Release|Any CPU
		{403293D6-0D42-442D-8643-210905AC173A}.Release|Any CPU.Build.0 = Release|Any CPU
		{5EA9A403-5776-405A-9EFA-264E1AE4D3DD}.Debug|Any CPU.ActiveCfg = Debug|Any CPU
		{5EA9A403-5776-405A-9EFA-264E1AE4D3DD}.Debug|Any CPU.Build.0 = Debug|Any CPU
		{5EA9A403-5776-405A-9EFA-264E1AE4D3DD}.Release|Any CPU.ActiveCfg = Release|Any CPU
		{5EA9A403-5776-405A-9EFA-264E1AE4D3DD}.Release|Any CPU.Build.0 = Release|Any CPU
		{A42483E9-9C8A-4AB5-A18F-A9002D29704F}.Debug|Any CPU.ActiveCfg = Debug|Any CPU
		{A42483E9-9C8A-4AB5-A18F-A9002D29704F}.Debug|Any CPU.Build.0 = Debug|Any CPU
		{A42483E9-9C8A-4AB5-A18F-A9002D29704F}.Release|Any CPU.ActiveCfg = Release|Any CPU
		{A42483E9-9C8A-4AB5-A18F-A9002D29704F}.Release|Any CPU.Build.0 = Release|Any CPU
		{7C5377AB-5CAC-4593-A28D-6792FBF0E6F2}.Debug|Any CPU.ActiveCfg = Debug|Any CPU
		{7C5377AB-5CAC-4593-A28D-6792FBF0E6F2}.Debug|Any CPU.Build.0 = Debug|Any CPU
		{7C5377AB-5CAC-4593-A28D-6792FBF0E6F2}.Release|Any CPU.ActiveCfg = Release|Any CPU
		{7C5377AB-5CAC-4593-A28D-6792FBF0E6F2}.Release|Any CPU.Build.0 = Release|Any CPU
	EndGlobalSection
	GlobalSection(SolutionProperties) = preSolution
		HideSolutionNode = FALSE
	EndGlobalSection
	GlobalSection(ExtensibilityGlobals) = postSolution
		SolutionGuid = {06CB18E7-AFAD-427D-BB62-CC8CA24B02E1}
	EndGlobalSection
EndGlobal
